
Microsoft Visual Studio Solution File, Format Version 12.00
# Visual Studio Version 16
VisualStudioVersion = 16.0.31019.35
MinimumVisualStudioVersion = 10.0.40219.1
Project("{FAE04EC0-301F-11D3-BF4B-00C04F79EFBC}") = "UC2-HashTable", "UC2-HashTable\UC2-HashTable.csproj", "{C3B0E37C-C92E-467E-AC7A-07DA8C449241}"
EndProject
Global
	GlobalSection(SolutionConfigurationPlatforms) = preSolution
		Debug|Any CPU = Debug|Any CPU
		Release|Any CPU = Release|Any CPU
	EndGlobalSection
	GlobalSection(ProjectConfigurationPlatforms) = postSolution
		{C3B0E37C-C92E-467E-AC7A-07DA8C449241}.Debug|Any CPU.ActiveCfg = Debug|Any CPU
		{C3B0E37C-C92E-467E-AC7A-07DA8C449241}.Debug|Any CPU.Build.0 = Debug|Any CPU
		{C3B0E37C-C92E-467E-AC7A-07DA8C449241}.Release|Any CPU.ActiveCfg = Release|Any CPU
		{C3B0E37C-C92E-467E-AC7A-07DA8C449241}.Release|Any CPU.Build.0 = Release|Any CPU
	EndGlobalSection
	GlobalSection(SolutionProperties) = preSolution
		HideSolutionNode = FALSE
	EndGlobalSection
	GlobalSection(ExtensibilityGlobals) = postSolution
		SolutionGuid = {3AF51172-6759-4049-8A4C-D33069B9132C}
	EndGlobalSection
EndGlobal
